
Microsoft Visual Studio Solution File, Format Version 11.00
# Visual Studio 2010
Project("{FAE04EC0-301F-11D3-BF4B-00C04F79EFBC}") = "Fit.Parser", "Fit.Parser\Fit.Parser.csproj", "{718CDBBB-7023-4576-A0C6-73954100DA94}"
EndProject
Project("{FAE04EC0-301F-11D3-BF4B-00C04F79EFBC}") = "Fit.Parser.Tests", "Fit.Parser.Tests\Fit.Parser.Tests.csproj", "{5D6CC781-1768-42E1-8F96-733471CD57A6}"
EndProject
Project("{2150E333-8FDC-42A3-9474-1A3956D46DE8}") = "Solution Items", "Solution Items", "{659950EA-7E41-42E4-91A6-3A23A9F0AE5D}"
	ProjectSection(SolutionItems) = preProject
		Fit.vsmdi = Fit.vsmdi
		Local.testsettings = Local.testsettings
		TraceAndTestImpact.testsettings = TraceAndTestImpact.testsettings
	EndProjectSection
EndProject
Global
	GlobalSection(TestCaseManagementSettings) = postSolution
		CategoryFile = Fit.vsmdi
	EndGlobalSection
	GlobalSection(SolutionConfigurationPlatforms) = preSolution
		Debug|Any CPU = Debug|Any CPU
		Release|Any CPU = Release|Any CPU
	EndGlobalSection
	GlobalSection(ProjectConfigurationPlatforms) = postSolution
		{718CDBBB-7023-4576-A0C6-73954100DA94}.Debug|Any CPU.ActiveCfg = Debug|Any CPU
		{718CDBBB-7023-4576-A0C6-73954100DA94}.Debug|Any CPU.Build.0 = Debug|Any CPU
		{718CDBBB-7023-4576-A0C6-73954100DA94}.Release|Any CPU.ActiveCfg = Release|Any CPU
		{718CDBBB-7023-4576-A0C6-73954100DA94}.Release|Any CPU.Build.0 = Release|Any CPU
		{5D6CC781-1768-42E1-8F96-733471CD57A6}.Debug|Any CPU.ActiveCfg = Debug|Any CPU
		{5D6CC781-1768-42E1-8F96-733471CD57A6}.Debug|Any CPU.Build.0 = Debug|Any CPU
		{5D6CC781-1768-42E1-8F96-733471CD57A6}.Release|Any CPU.ActiveCfg = Release|Any CPU
		{5D6CC781-1768-42E1-8F96-733471CD57A6}.Release|Any CPU.Build.0 = Release|Any CPU
	EndGlobalSection
	GlobalSection(SolutionProperties) = preSolution
		HideSolutionNode = FALSE
	EndGlobalSection
EndGlobal
